{
  "requires": true,
  "lockfileVersion": 1,
  "dependencies": {
    "htmlson.js": {
      "version": "1.0.6",
      "resolved": "https://registry.npmjs.org/htmlson.js/-/htmlson.js-1.0.6.tgz",
      "integrity": "sha512-8UCh0NHdfIQ3jb/S7LpoPlMmHrG0sVPv8PgxFQ4qc9qoiZB03gHaUrEU8/ibNtLihbwKSUfBDXSW/pOyn1ebQg==",
      "requires": {
        "jquery": "3.3.1"
      }
    },
    "jquery": {
      "version": "3.3.1",
      "resolved": "https://registry.npmjs.org/jquery/-/jquery-3.3.1.tgz",
      "integrity": "sha512-Ubldcmxp5np52/ENotGxlLe6aGMvmF4R8S6tZjsP6Knsaxd/xp3Zrh50cG93lR6nPXyUFwzN3ZSOQI0wRJNdGg=="
    }
  }
}
